// !$*UTF8*$!
{
	archiveVersion = 1;
	classes = {
	};
	objectVersion = 55;
	objects = {

/* Begin PBXBuildFile section */
		1529817A7BF15E05108B2A05 /* Pods_CameraApp.framework in Frameworks */ = {isa = PBXBuildFile; fileRef = C42EA8CAE65644BAA3884FED /* Pods_CameraApp.framework */; };
		9528B31327DC4A22002BD7CE /* AppDelegate.swift in Sources */ = {isa = PBXBuildFile; fileRef = 9528B31227DC4A22002BD7CE /* AppDelegate.swift */; };
		9528B31527DC4A22002BD7CE /* SceneDelegate.swift in Sources */ = {isa = PBXBuildFile; fileRef = 9528B31427DC4A22002BD7CE /* SceneDelegate.swift */; };
		9528B31727DC4A22002BD7CE /* ViewController.swift in Sources */ = {isa = PBXBuildFile; fileRef = 9528B31627DC4A22002BD7CE /* ViewController.swift */; };
		9528B31A27DC4A22002BD7CE /* Main.storyboard in Resources */ = {isa = PBXBuildFile; fileRef = 9528B31827DC4A22002BD7CE /* Main.storyboard */; };
		9528B31C27DC4A23002BD7CE /* Assets.xcassets in Resources */ = {isa = PBXBuildFile; fileRef = 9528B31B27DC4A23002BD7CE /* Assets.xcassets */; };
		9528B31F27DC4A23002BD7CE /* LaunchScreen.storyboard in Resources */ = {isa = PBXBuildFile; fileRef = 9528B31D27DC4A23002BD7CE /* LaunchScreen.storyboard */; };
		9528B32827DC9845002BD7CE /* RealmUser.swift in Sources */ = {isa = PBXBuildFile; fileRef = 9528B32727DC9845002BD7CE /* RealmUser.swift */; };
/* End PBXBuildFile section */

/* Begin PBXFileReference section */
		28C5276F2B6C97F5548F5486 /* Pods-CameraApp.debug.xcconfig */ = {isa = PBXFileReference; includeInIndex = 1; lastKnownFileType = text.xcconfig; name = "Pods-CameraApp.debug.xcconfig"; path = "Target Support Files/Pods-CameraApp/Pods-CameraApp.debug.xcconfig"; sourceTree = "<group>"; };
		85EE42685DAC4285F0990FD9 /* Pods-CameraApp.release.xcconfig */ = {isa = PBXFileReference; includeInIndex = 1; lastKnownFileType = text.xcconfig; name = "Pods-CameraApp.release.xcconfig"; path = "Target Support Files/Pods-CameraApp/Pods-CameraApp.release.xcconfig"; sourceTree = "<group>"; };
		9528B30F27DC4A22002BD7CE /* CameraApp.app */ = {isa = PBXFileReference; explicitFileType = wrapper.application; includeInIndex = 0; path = CameraApp.app; sourceTree = BUILT_PRODUCTS_DIR; };
		9528B31227DC4A22002BD7CE /* AppDelegate.swift */ = {isa = PBXFileReference; lastKnownFileType = sourcecode.swift; path = AppDelegate.swift; sourceTree = "<group>"; };
		9528B31427DC4A22002BD7CE /* SceneDelegate.swift */ = {isa = PBXFileReference; lastKnownFileType = sourcecode.swift; path = SceneDelegate.swift; sourceTree = "<group>"; };
		9528B31627DC4A22002BD7CE /* ViewController.swift */ = {isa = PBXFileReference; lastKnownFileType = sourcecode.swift; path = ViewController.swift; sourceTree = "<group>"; };
		9528B31927DC4A22002BD7CE /* Base */ = {isa = PBXFileReference; lastKnownFileType = file.storyboard; name = Base; path = Base.lproj/Main.storyboard; sourceTree = "<group>"; };
		9528B31B27DC4A23002BD7CE /* Assets.xcassets */ = {isa = PBXFileReference; lastKnownFileType = folder.assetcatalog; path = Assets.xcassets; sourceTree = "<group>"; };
		9528B31E27DC4A23002BD7CE /* Base */ = {isa = PBXFileReference; lastKnownFileType = file.storyboard; name = Base; path = Base.lproj/LaunchScreen.storyboard; sourceTree = "<group>"; };
		9528B32027DC4A23002BD7CE /* Info.plist */ = {isa = PBXFileReference; lastKnownFileType = text.plist.xml; path = Info.plist; sourceTree = "<group>"; };
		9528B32727DC9845002BD7CE /* RealmUser.swift */ = {isa = PBXFileReference; lastKnownFileType = sourcecode.swift; path = RealmUser.swift; sourceTree = "<group>"; };
		C42EA8CAE65644BAA3884FED /* Pods_CameraApp.framework */ = {isa = PBXFileReference; explicitFileType = wrapper.framework; includeInIndex = 0; path = Pods_CameraApp.framework; sourceTree = BUILT_PRODUCTS_DIR; };
/* End PBXFileReference section */

/* Begin PBXFrameworksBuildPhase section */
		9528B30C27DC4A22002BD7CE /* Frameworks */ = {
			isa = PBXFrameworksBuildPhase;
			buildActionMask = 2147483647;
			files = (
				1529817A7BF15E05108B2A05 /* Pods_CameraApp.framework in Frameworks */,
			);
			runOnlyForDeploymentPostprocessing = 0;
		};
/* End PBXFrameworksBuildPhase section */

/* Begin PBXGroup section */
		6E419982668BA47680E01C0D /* Pods */ = {
			isa = PBXGroup;
			children = (
				28C5276F2B6C97F5548F5486 /* Pods-CameraApp.debug.xcconfig */,
				85EE42685DAC4285F0990FD9 /* Pods-CameraApp.release.xcconfig */,
			);
			path = Pods;
			sourceTree = "<group>";
		};
		6EFE1827C766826C22028A80 /* Frameworks */ = {
			isa = PBXGroup;
			children = (
				C42EA8CAE65644BAA3884FED /* Pods_CameraApp.framework */,
			);
			name = Frameworks;
			sourceTree = "<group>";
		};
		9528B30627DC4A22002BD7CE = {
			isa = PBXGroup;
			children = (
				9528B31127DC4A22002BD7CE /* CameraApp */,
				9528B31027DC4A22002BD7CE /* Products */,
				6E419982668BA47680E01C0D /* Pods */,
				6EFE1827C766826C22028A80 /* Frameworks */,
			);
			sourceTree = "<group>";
		};
		9528B31027DC4A22002BD7CE /* Products */ = {
			isa = PBXGroup;
			children = (
				9528B30F27DC4A22002BD7CE /* CameraApp.app */,
			);
			name = Products;
			sourceTree = "<group>";
		};
		9528B31127DC4A22002BD7CE /* CameraApp */ = {
			isa = PBXGroup;
			children = (
				9528B31227DC4A22002BD7CE /* AppDelegate.swift */,
				9528B31427DC4A22002BD7CE /* SceneDelegate.swift */,
				9528B32727DC9845002BD7CE /* RealmUser.swift */,
				9528B31627DC4A22002BD7CE /* ViewController.swift */,
				9528B31827DC4A22002BD7CE /* Main.storyboard */,
				9528B31B27DC4A23002BD7CE /* Assets.xcassets */,
				9528B31D27DC4A23002BD7CE /* LaunchScreen.storyboard */,
				9528B32027DC4A23002BD7CE /* Info.plist */,
			);
			path = CameraApp;
			sourceTree = "<group>";
		};
/* End PBXGroup section */

/* Begin PBXNativeTarget section */
		9528B30E27DC4A22002BD7CE /* CameraApp */ = {
			isa = PBXNativeTarget;
			buildConfigurationList = 9528B32327DC4A23002BD7CE /* Build configuration list for PBXNativeTarget "CameraApp" */;
			buildPhases = (
				46E8BA24A85EF67241945D81 /* [CP] Check Pods Manifest.lock */,
				9528B30B27DC4A22002BD7CE /* Sources */,
				9528B30C27DC4A22002BD7CE /* Frameworks */,
				9528B30D27DC4A22002BD7CE /* Resources */,
				E512374B4301BF9AA3A5EA9F /* [CP] Embed Pods Frameworks */,
				9528B32627DC59A1002BD7CE /* swiftlint */,
			);
			buildRules = (
			);
			dependencies = (
			);
			name = CameraApp;
			productName = CameraApp;
			productReference = 9528B30F27DC4A22002BD7CE /* CameraApp.app */;
			productType = "com.apple.product-type.application";
		};
/* End PBXNativeTarget section */

/* Begin PBXProject section */
		9528B30727DC4A22002BD7CE /* Project object */ = {
			isa = PBXProject;
			attributes = {
				BuildIndependentTargetsInParallel = 1;
				LastSwiftUpdateCheck = 1320;
				LastUpgradeCheck = 1320;
				TargetAttributes = {
					9528B30E27DC4A22002BD7CE = {
						CreatedOnToolsVersion = 13.2.1;
					};
				};
			};
			buildConfigurationList = 9528B30A27DC4A22002BD7CE /* Build configuration list for PBXProject "CameraApp" */;
			compatibilityVersion = "Xcode 13.0";
			developmentRegion = en;
			hasScannedForEncodings = 0;
			knownRegions = (
				en,
				Base,
			);
			mainGroup = 9528B30627DC4A22002BD7CE;
			productRefGroup = 9528B31027DC4A22002BD7CE /* Products */;
			projectDirPath = "";
			projectRoot = "";
			targets = (
				9528B30E27DC4A22002BD7CE /* CameraApp */,
			);
		};
/* End PBXProject section */

/* Begin PBXResourcesBuildPhase section */
		9528B30D27DC4A22002BD7CE /* Resources */ = {
			isa = PBXResourcesBuildPhase;
			buildActionMask = 2147483647;
			files = (
				9528B31F27DC4A23002BD7CE /* LaunchScreen.storyboard in Resources */,
				9528B31C27DC4A23002BD7CE /* Assets.xcassets in Resources */,
				9528B31A27DC4A22002BD7CE /* Main.storyboard in Resources */,
			);
			runOnlyForDeploymentPostprocessing = 0;
		};
/* End PBXResourcesBuildPhase section */

/* Begin PBXShellScriptBuildPhase section */
		46E8BA24A85EF67241945D81 /* [CP] Check Pods Manifest.lock */ = {
			isa = PBXShellScriptBuildPhase;
			buildActionMask = 2147483647;
			files = (
			);
			inputFileListPaths = (
			);
			inputPaths = (
				"${PODS_PODFILE_DIR_PATH}/Podfile.lock",
				"${PODS_ROOT}/Manifest.lock",
			);
			name = "[CP] Check Pods Manifest.lock";
			outputFileListPaths = (
			);
			outputPaths = (
				"$(DERIVED_FILE_DIR)/Pods-CameraApp-checkManifestLockResult.txt",
			);
			runOnlyForDeploymentPostprocessing = 0;
			shellPath = /bin/sh;
			shellScript = "diff \"${PODS_PODFILE_DIR_PATH}/Podfile.lock\" \"${PODS_ROOT}/Manifest.lock\" > /dev/null\nif [ $? != 0 ] ; then\n    # print error to STDERR\n    echo \"error: The sandbox is not in sync with the Podfile.lock. Run 'pod install' or update your CocoaPods installation.\" >&2\n    exit 1\nfi\n# This output is used by Xcode 'outputs' to avoid re-running this script phase.\necho \"SUCCESS\" > \"${SCRIPT_OUTPUT_FILE_0}\"\n";
			showEnvVarsInLog = 0;
		};
		9528B32627DC59A1002BD7CE /* swiftlint */ = {
			isa = PBXShellScriptBuildPhase;
			buildActionMask = 2147483647;
			files = (
			);
			inputFileListPaths = (
			);
			inputPaths = (
			);
			name = swiftlint;
			outputFileListPaths = (
			);
			outputPaths = (
			);
			runOnlyForDeploymentPostprocessing = 0;
			shellPath = /bin/sh;
			shellScript = "if which swiftlint >/dev/null; then\n  swiftlint\nelse\n  echo \"SwiftLint does not exist, download from https://github.com/realm/SwiftLint\"\nfi\n";
		};
		E512374B4301BF9AA3A5EA9F /* [CP] Embed Pods Frameworks */ = {
			isa = PBXShellScriptBuildPhase;
			buildActionMask = 2147483647;
			files = (
			);
			inputFileListPaths = (
				"${PODS_ROOT}/Target Support Files/Pods-CameraApp/Pods-CameraApp-frameworks-${CONFIGURATION}-input-files.xcfilelist",
			);
			name = "[CP] Embed Pods Frameworks";
			outputFileListPaths = (
				"${PODS_ROOT}/Target Support Files/Pods-CameraApp/Pods-CameraApp-frameworks-${CONFIGURATION}-output-files.xcfilelist",
			);
			runOnlyForDeploymentPostprocessing = 0;
			shellPath = /bin/sh;
			shellScript = "\"${PODS_ROOT}/Target Support Files/Pods-CameraApp/Pods-CameraApp-frameworks.sh\"\n";
			showEnvVarsInLog = 0;
		};
/* End PBXShellScriptBuildPhase section */

/* Begin PBXSourcesBuildPhase section */
		9528B30B27DC4A22002BD7CE /* Sources */ = {
			isa = PBXSourcesBuildPhase;
			buildActionMask = 2147483647;
			files = (
				9528B31727DC4A22002BD7CE /* ViewController.swift in Sources */,
				9528B31327DC4A22002BD7CE /* AppDelegate.swift in Sources */,
				9528B32827DC9845002BD7CE /* RealmUser.swift in Sources */,
				9528B31527DC4A22002BD7CE /* SceneDelegate.swift in Sources */,
			);
			runOnlyForDeploymentPostprocessing = 0;
		};
/* End PBXSourcesBuildPhase section */

/* Begin PBXVariantGroup section */
		9528B31827DC4A22002BD7CE /* Main.storyboard */ = {
			isa = PBXVariantGroup;
			children = (
				9528B31927DC4A22002BD7CE /* Base */,
			);
			name = Main.storyboard;
			sourceTree = "<group>";
		};
		9528B31D27DC4A23002BD7CE /* LaunchScreen.storyboard */ = {
			isa = PBXVariantGroup;
			children = (
				9528B31E27DC4A23002BD7CE /* Base */,
			);
			name = LaunchScreen.storyboard;
			sourceTree = "<group>";
		};
/* End PBXVariantGroup section */

/* Begin XCBuildConfiguration section */
		9528B32127DC4A23002BD7CE /* Debug */ = {
			isa = XCBuildConfiguration;
			buildSettings = {
				ALWAYS_SEARCH_USER_PATHS = NO;
				CLANG_ANALYZER_NONNULL = YES;
				CLANG_ANALYZER_NUMBER_OBJECT_CONVERSION = YES_AGGRESSIVE;
				CLANG_CXX_LANGUAGE_STANDARD = "gnu++17";
				CLANG_CXX_LIBRARY = "libc++";
				CLANG_ENABLE_MODULES = YES;
				CLANG_ENABLE_OBJC_ARC = YES;
				CLANG_ENABLE_OBJC_WEAK = YES;
				CLANG_WARN_BLOCK_CAPTURE_AUTORELEASING = YES;
				CLANG_WARN_BOOL_CONVERSION = YES;
				CLANG_WARN_COMMA = YES;
				CLANG_WARN_CONSTANT_CONVERSION = YES;
				CLANG_WARN_DEPRECATED_OBJC_IMPLEMENTATIONS = YES;
				CLANG_WARN_DIRECT_OBJC_ISA_USAGE = YES_ERROR;
				CLANG_WARN_DOCUMENTATION_COMMENTS = YES;
				CLANG_WARN_EMPTY_BODY = YES;
				CLANG_WARN_ENUM_CONVERSION = YES;
				CLANG_WARN_INFINITE_RECURSION = YES;
				CLANG_WARN_INT_CONVERSION = YES;
				CLANG_WARN_NON_LITERAL_NULL_CONVERSION = YES;
				CLANG_WARN_OBJC_IMPLICIT_RETAIN_SELF = YES;
				CLANG_WARN_OBJC_LITERAL_CONVERSION = YES;
				CLANG_WARN_OBJC_ROOT_CLASS = YES_ERROR;
				CLANG_WARN_QUOTED_INCLUDE_IN_FRAMEWORK_HEADER = YES;
				CLANG_WARN_RANGE_LOOP_ANALYSIS = YES;
				CLANG_WARN_STRICT_PROTOTYPES = YES;
				CLANG_WARN_SUSPICIOUS_MOVE = YES;
				CLANG_WARN_UNGUARDED_AVAILABILITY = YES_AGGRESSIVE;
				CLANG_WARN_UNREACHABLE_CODE = YES;
				CLANG_WARN__DUPLICATE_METHOD_MATCH = YES;
				COPY_PHASE_STRIP = NO;
				DEBUG_INFORMATION_FORMAT = dwarf;
				ENABLE_STRICT_OBJC_MSGSEND = YES;
				ENABLE_TESTABILITY = YES;
				GCC_C_LANGUAGE_STANDARD = gnu11;
				GCC_DYNAMIC_NO_PIC = NO;
				GCC_NO_COMMON_BLOCKS = YES;
				GCC_OPTIMIZATION_LEVEL = 0;
				GCC_PREPROCESSOR_DEFINITIONS = (
					"DEBUG=1",
					"$(inherited)",
				);
				GCC_WARN_64_TO_32_BIT_CONVERSION = YES;
				GCC_WARN_ABOUT_RETURN_TYPE = YES_ERROR;
				GCC_WARN_UNDECLARED_SELECTOR = YES;
				GCC_WARN_UNINITIALIZED_AUTOS = YES_AGGRESSIVE;
				GCC_WARN_UNUSED_FUNCTION = YES;
				GCC_WARN_UNUSED_VARIABLE = YES;
				IPHONEOS_DEPLOYMENT_TARGET = 15.2;
				MTL_ENABLE_DEBUG_INFO = INCLUDE_SOURCE;
				MTL_FAST_MATH = YES;
				ONLY_ACTIVE_ARCH = YES;
				SDKROOT = iphoneos;
				SWIFT_ACTIVE_COMPILATION_CONDITIONS = DEBUG;
				SWIFT_OPTIMIZATION_LEVEL = "-Onone";
			};
			name = Debug;
		};
		9528B32227DC4A23002BD7CE /* Release */ = {
			isa = XCBuildConfiguration;
			buildSettings = {
				ALWAYS_SEARCH_USER_PATHS = NO;
				CLANG_ANALYZER_NONNULL = YES;
				CLANG_ANALYZER_NUMBER_OBJECT_CONVERSION = YES_AGGRESSIVE;
				CLANG_CXX_LANGUAGE_STANDARD = "gnu++17";
				CLANG_CXX_LIBRARY = "libc++";
				CLANG_ENABLE_MODULES = YES;
				CLANG_ENABLE_OBJC_ARC = YES;
				CLANG_ENABLE_OBJC_WEAK = YES;
				CLANG_WARN_BLOCK_CAPTURE_AUTORELEASING = YES;
				CLANG_WARN_BOOL_CONVERSION = YES;
				CLANG_WARN_COMMA = YES;
				CLANG_WARN_CONSTANT_CONVERSION = YES;
				CLANG_WARN_DEPRECATED_OBJC_IMPLEMENTATIONS = YES;
				CLANG_WARN_DIRECT_OBJC_ISA_USAGE = YES_ERROR;
				CLANG_WARN_DOCUMENTATION_COMMENTS = YES;
				CLANG_WARN_EMPTY_BODY = YES;
				CLANG_WARN_ENUM_CONVERSION = YES;
				CLANG_WARN_INFINITE_RECURSION = YES;
				CLANG_WARN_INT_CONVERSION = YES;
				CLANG_WARN_NON_LITERAL_NULL_CONVERSION = YES;
				CLANG_WARN_OBJC_IMPLICIT_RETAIN_SELF = YES;
				CLANG_WARN_OBJC_LITERAL_CONVERSION = YES;
				CLANG_WARN_OBJC_ROOT_CLASS = YES_ERROR;
				CLANG_WARN_QUOTED_INCLUDE_IN_FRAMEWORK_HEADER = YES;
				CLANG_WARN_RANGE_LOOP_ANALYSIS = YES;
				CLANG_WARN_STRICT_PROTOTYPES = YES;
				CLANG_WARN_SUSPICIOUS_MOVE = YES;
				CLANG_WARN_UNGUARDED_AVAILABILITY = YES_AGGRESSIVE;
				CLANG_WARN_UNREACHABLE_CODE = YES;
				CLANG_WARN__DUPLICATE_METHOD_MATCH = YES;
				COPY_PHASE_STRIP = NO;
				DEBUG_INFORMATION_FORMAT = "dwarf-with-dsym";
				ENABLE_NS_ASSERTIONS = NO;
				ENABLE_STRICT_OBJC_MSGSEND = YES;
				GCC_C_LANGUAGE_STANDARD = gnu11;
				GCC_NO_COMMON_BLOCKS = YES;
				GCC_WARN_64_TO_32_BIT_CONVERSION = YES;
				GCC_WARN_ABOUT_RETURN_TYPE = YES_ERROR;
				GCC_WARN_UNDECLARED_SELECTOR = YES;
				GCC_WARN_UNINITIALIZED_AUTOS = YES_AGGRESSIVE;
				GCC_WARN_UNUSED_FUNCTION = YES;
				GCC_WARN_UNUSED_VARIABLE = YES;
				IPHONEOS_DEPLOYMENT_TARGET = 15.2;
				MTL_ENABLE_DEBUG_INFO = NO;
				MTL_FAST_MATH = YES;
				SDKROOT = iphoneos;
				SWIFT_COMPILATION_MODE = wholemodule;
				SWIFT_OPTIMIZATION_LEVEL = "-O";
				VALIDATE_PRODUCT = YES;
			};
			name = Release;
		};
		9528B32427DC4A23002BD7CE /* Debug */ = {
			isa = XCBuildConfiguration;
			baseConfigurationReference = 28C5276F2B6C97F5548F5486 /* Pods-CameraApp.debug.xcconfig */;
			buildSettings = {
				ASSETCATALOG_COMPILER_APPICON_NAME = AppIcon;
				ASSETCATALOG_COMPILER_GLOBAL_ACCENT_COLOR_NAME = AccentColor;
				CODE_SIGN_STYLE = Automatic;
				CURRENT_PROJECT_VERSION = 1;
				DEVELOPMENT_TEAM = 6KP4Y76JP4;
				GENERATE_INFOPLIST_FILE = YES;
				INFOPLIST_FILE = CameraApp/Info.plist;
				INFOPLIST_KEY_NSCameraUsageDescription = "カメラにアクセスします。";
				INFOPLIST_KEY_NSPhotoLibraryAddUsageDescription = "フォトライブラリーに保存します";
				INFOPLIST_KEY_NSPhotoLibraryUsageDescription = "フォトライブラリーにアクセスします。";
				INFOPLIST_KEY_UIApplicationSupportsIndirectInputEvents = YES;
				INFOPLIST_KEY_UILaunchStoryboardName = LaunchScreen;
				INFOPLIST_KEY_UIMainStoryboardFile = Main;
				INFOPLIST_KEY_UISupportedInterfaceOrientations_iPad = "UIInterfaceOrientationPortrait UIInterfaceOrientationPortraitUpsideDown UIInterfaceOrientationLandscapeLeft UIInterfaceOrientationLandscapeRight";
				INFOPLIST_KEY_UISupportedInterfaceOrientations_iPhone = "UIInterfaceOrientationPortrait UIInterfaceOrientationLandscapeLeft UIInterfaceOrientationLandscapeRight";
				LD_RUNPATH_SEARCH_PATHS = (
					"$(inherited)",
					"@executable_path/Frameworks",
				);
				MARKETING_VERSION = 1.0;
				PRODUCT_BUNDLE_IDENTIFIER = com.ShoutaNakano.CameraApp;
				PRODUCT_NAME = "$(TARGET_NAME)";
				SWIFT_EMIT_LOC_STRINGS = YES;
				SWIFT_VERSION = 5.0;
				TARGETED_DEVICE_FAMILY = "1,2";
			};
			name = Debug;
		};
		9528B32527DC4A23002BD7CE /* Release */ = {
			isa = XCBuildConfiguration;
			baseConfigurationReference = 85EE42685DAC4285F0990FD9 /* Pods-CameraApp.release.xcconfig */;
			buildSettings = {
				ASSETCATALOG_COMPILER_APPICON_NAME = AppIcon;
				ASSETCATALOG_COMPILER_GLOBAL_ACCENT_COLOR_NAME = AccentColor;
				CODE_SIGN_STYLE = Automatic;
				CURRENT_PROJECT_VERSION = 1;
				DEVELOPMENT_TEAM = 6KP4Y76JP4;
				GENERATE_INFOPLIST_FILE = YES;
				INFOPLIST_FILE = CameraApp/Info.plist;
				INFOPLIST_KEY_NSCameraUsageDescription = "カメラにアクセスします。";
				INFOPLIST_KEY_NSPhotoLibraryAddUsageDescription = "フォトライブラリーに保存します";
				INFOPLIST_KEY_NSPhotoLibraryUsageDescription = "フォトライブラリーにアクセスします。";
				INFOPLIST_KEY_UIApplicationSupportsIndirectInputEvents = YES;
				INFOPLIST_KEY_UILaunchStoryboardName = LaunchScreen;
				INFOPLIST_KEY_UIMainStoryboardFile = Main;
				INFOPLIST_KEY_UISupportedInterfaceOrientations_iPad = "UIInterfaceOrientationPortrait UIInterfaceOrientationPortraitUpsideDown UIInterfaceOrientationLandscapeLeft UIInterfaceOrientationLandscapeRight";
				INFOPLIST_KEY_UISupportedInterfaceOrientations_iPhone = "UIInterfaceOrientationPortrait UIInterfaceOrientationLandscapeLeft UIInterfaceOrientationLandscapeRight";
				LD_RUNPATH_SEARCH_PATHS = (
					"$(inherited)",
					"@executable_path/Frameworks",
				);
				MARKETING_VERSION = 1.0;
				PRODUCT_BUNDLE_IDENTIFIER = com.ShoutaNakano.CameraApp;
				PRODUCT_NAME = "$(TARGET_NAME)";
				SWIFT_EMIT_LOC_STRINGS = YES;
				SWIFT_VERSION = 5.0;
				TARGETED_DEVICE_FAMILY = "1,2";
			};
			name = Release;
		};
/* End XCBuildConfiguration section */

/* Begin XCConfigurationList section */
		9528B30A27DC4A22002BD7CE /* Build configuration list for PBXProject "CameraApp" */ = {
			isa = XCConfigurationList;
			buildConfigurations = (
				9528B32127DC4A23002BD7CE /* Debug */,
				9528B32227DC4A23002BD7CE /* Release */,
			);
			defaultConfigurationIsVisible = 0;
			defaultConfigurationName = Release;
		};
		9528B32327DC4A23002BD7CE /* Build configuration list for PBXNativeTarget "CameraApp" */ = {
			isa = XCConfigurationList;
			buildConfigurations = (
				9528B32427DC4A23002BD7CE /* Debug */,
				9528B32527DC4A23002BD7CE /* Release */,
			);
			defaultConfigurationIsVisible = 0;
			defaultConfigurationName = Release;
		};
/* End XCConfigurationList section */
	};
	rootObject = 9528B30727DC4A22002BD7CE /* Project object */;
}
